// !$*UTF8*$!
{
	archiveVersion = 1;
	classes = {
	};
	objectVersion = 50;
	objects = {

/* Begin PBXBuildFile section */
		788A9C89E4D47C5857BF87DB /* Pods_BaseProject.framework in Frameworks */ = {isa = PBXBuildFile; fileRef = 17140C02218F18E70CCFB78F /* Pods_BaseProject.framework */; };
		D747BDCC22E85681004EE1D3 /* Person.swift in Sources */ = {isa = PBXBuildFile; fileRef = D747BDCB22E85681004EE1D3 /* Person.swift */; };
		D7B4CC4822D449A60068FD59 /* AppDelegate.swift in Sources */ = {isa = PBXBuildFile; fileRef = D7B4CC4722D449A60068FD59 /* AppDelegate.swift */; };
		D7B4CC4A22D449A60068FD59 /* ViewController.swift in Sources */ = {isa = PBXBuildFile; fileRef = D7B4CC4922D449A60068FD59 /* ViewController.swift */; };
		D7B4CC4D22D449A60068FD59 /* Main.storyboard in Resources */ = {isa = PBXBuildFile; fileRef = D7B4CC4B22D449A60068FD59 /* Main.storyboard */; };
		D7B4CC4F22D449B90068FD59 /* Assets.xcassets in Resources */ = {isa = PBXBuildFile; fileRef = D7B4CC4E22D449B90068FD59 /* Assets.xcassets */; };
		D7B4CC5222D449B90068FD59 /* LaunchScreen.storyboard in Resources */ = {isa = PBXBuildFile; fileRef = D7B4CC5022D449B90068FD59 /* LaunchScreen.storyboard */; };
		D7E0213022FD10B2008D0815 /* Manager.swift in Sources */ = {isa = PBXBuildFile; fileRef = D7E0212F22FD10B2008D0815 /* Manager.swift */; };
		D7E55D0322FC01B3006BBBC6 /* APIKeys.swift in Sources */ = {isa = PBXBuildFile; fileRef = D7E55D0222FC01B3006BBBC6 /* APIKeys.swift */; };
		D7E55D0522FC023F006BBBC6 /* API.swift in Sources */ = {isa = PBXBuildFile; fileRef = D7E55D0422FC023F006BBBC6 /* API.swift */; };
		D7E55D0722FC0251006BBBC6 /* APIManager.swift in Sources */ = {isa = PBXBuildFile; fileRef = D7E55D0622FC0251006BBBC6 /* APIManager.swift */; };
		D7F760AC22DC2E73001711CB /* UserModel.swift in Sources */ = {isa = PBXBuildFile; fileRef = D7F760AB22DC2E73001711CB /* UserModel.swift */; };
/* End PBXBuildFile section */

/* Begin PBXFileReference section */
		17140C02218F18E70CCFB78F /* Pods_BaseProject.framework */ = {isa = PBXFileReference; explicitFileType = wrapper.framework; includeInIndex = 0; path = Pods_BaseProject.framework; sourceTree = BUILT_PRODUCTS_DIR; };
		3C45A087F2BA11C5896EBF9C /* Pods-BaseProject.release.xcconfig */ = {isa = PBXFileReference; includeInIndex = 1; lastKnownFileType = text.xcconfig; name = "Pods-BaseProject.release.xcconfig"; path = "Pods/Target Support Files/Pods-BaseProject/Pods-BaseProject.release.xcconfig"; sourceTree = "<group>"; };
		8E6B23218015D522165E10A4 /* Pods-BaseProject.debug.xcconfig */ = {isa = PBXFileReference; includeInIndex = 1; lastKnownFileType = text.xcconfig; name = "Pods-BaseProject.debug.xcconfig"; path = "Pods/Target Support Files/Pods-BaseProject/Pods-BaseProject.debug.xcconfig"; sourceTree = "<group>"; };
		D747BDCB22E85681004EE1D3 /* Person.swift */ = {isa = PBXFileReference; lastKnownFileType = sourcecode.swift; path = Person.swift; sourceTree = "<group>"; };
		D7B4CC4422D449A60068FD59 /* BaseProject.app */ = {isa = PBXFileReference; explicitFileType = wrapper.application; includeInIndex = 0; path = BaseProject.app; sourceTree = BUILT_PRODUCTS_DIR; };
		D7B4CC4722D449A60068FD59 /* AppDelegate.swift */ = {isa = PBXFileReference; lastKnownFileType = sourcecode.swift; path = AppDelegate.swift; sourceTree = "<group>"; };
		D7B4CC4922D449A60068FD59 /* ViewController.swift */ = {isa = PBXFileReference; lastKnownFileType = sourcecode.swift; path = ViewController.swift; sourceTree = "<group>"; };
		D7B4CC4C22D449A60068FD59 /* Base */ = {isa = PBXFileReference; lastKnownFileType = file.storyboard; name = Base; path = Base.lproj/Main.storyboard; sourceTree = "<group>"; };
		D7B4CC4E22D449B90068FD59 /* Assets.xcassets */ = {isa = PBXFileReference; lastKnownFileType = folder.assetcatalog; path = Assets.xcassets; sourceTree = "<group>"; };
		D7B4CC5122D449B90068FD59 /* Base */ = {isa = PBXFileReference; lastKnownFileType = file.storyboard; name = Base; path = Base.lproj/LaunchScreen.storyboard; sourceTree = "<group>"; };
		D7B4CC5322D449B90068FD59 /* Info.plist */ = {isa = PBXFileReference; lastKnownFileType = text.plist.xml; path = Info.plist; sourceTree = "<group>"; };
		D7E0212F22FD10B2008D0815 /* Manager.swift */ = {isa = PBXFileReference; lastKnownFileType = sourcecode.swift; path = Manager.swift; sourceTree = "<group>"; };
		D7E55D0222FC01B3006BBBC6 /* APIKeys.swift */ = {isa = PBXFileReference; lastKnownFileType = sourcecode.swift; path = APIKeys.swift; sourceTree = "<group>"; };
		D7E55D0422FC023F006BBBC6 /* API.swift */ = {isa = PBXFileReference; lastKnownFileType = sourcecode.swift; path = API.swift; sourceTree = "<group>"; };
		D7E55D0622FC0251006BBBC6 /* APIManager.swift */ = {isa = PBXFileReference; lastKnownFileType = sourcecode.swift; path = APIManager.swift; sourceTree = "<group>"; };
		D7F760AB22DC2E73001711CB /* UserModel.swift */ = {isa = PBXFileReference; lastKnownFileType = sourcecode.swift; path = UserModel.swift; sourceTree = "<group>"; };
/* End PBXFileReference section */

/* Begin PBXFrameworksBuildPhase section */
		D7B4CC4122D449A60068FD59 /* Frameworks */ = {
			isa = PBXFrameworksBuildPhase;
			buildActionMask = 2147483647;
			files = (
				788A9C89E4D47C5857BF87DB /* Pods_BaseProject.framework in Frameworks */,
			);
			runOnlyForDeploymentPostprocessing = 0;
		};
/* End PBXFrameworksBuildPhase section */

/* Begin PBXGroup section */
		0653BAE4B6E611F61AF26DE5 /* Pods */ = {
			isa = PBXGroup;
			children = (
				8E6B23218015D522165E10A4 /* Pods-BaseProject.debug.xcconfig */,
				3C45A087F2BA11C5896EBF9C /* Pods-BaseProject.release.xcconfig */,
			);
			name = Pods;
			sourceTree = "<group>";
		};
		BE25A24B7FCDFB982A0D6D95 /* Frameworks */ = {
			isa = PBXGroup;
			children = (
				17140C02218F18E70CCFB78F /* Pods_BaseProject.framework */,
			);
			name = Frameworks;
			sourceTree = "<group>";
		};
		D7B4CC3B22D449A60068FD59 = {
			isa = PBXGroup;
			children = (
				D7B4CC4622D449A60068FD59 /* BaseProject */,
				D7B4CC4522D449A60068FD59 /* Products */,
				0653BAE4B6E611F61AF26DE5 /* Pods */,
				BE25A24B7FCDFB982A0D6D95 /* Frameworks */,
			);
			sourceTree = "<group>";
		};
		D7B4CC4522D449A60068FD59 /* Products */ = {
			isa = PBXGroup;
			children = (
				D7B4CC4422D449A60068FD59 /* BaseProject.app */,
			);
			name = Products;
			sourceTree = "<group>";
		};
		D7B4CC4622D449A60068FD59 /* BaseProject */ = {
			isa = PBXGroup;
			children = (
				D7E55D0122FBF592006BBBC6 /* Network */,
				D7B4CC5922D48B960068FD59 /* Test */,
				D7B4CC4722D449A60068FD59 /* AppDelegate.swift */,
				D7B4CC4922D449A60068FD59 /* ViewController.swift */,
				D7B4CC4B22D449A60068FD59 /* Main.storyboard */,
				D7B4CC4E22D449B90068FD59 /* Assets.xcassets */,
				D7B4CC5022D449B90068FD59 /* LaunchScreen.storyboard */,
				D7B4CC5322D449B90068FD59 /* Info.plist */,
			);
			path = BaseProject;
			sourceTree = "<group>";
		};
		D7B4CC5922D48B960068FD59 /* Test */ = {
			isa = PBXGroup;
			children = (
				D7F760AA22DC2E2C001711CB /* Model */,
			);
			path = Test;
			sourceTree = "<group>";
		};
		D7E55D0122FBF592006BBBC6 /* Network */ = {
			isa = PBXGroup;
			children = (
				D7E55D0222FC01B3006BBBC6 /* APIKeys.swift */,
				D7E55D0422FC023F006BBBC6 /* API.swift */,
				D7E55D0622FC0251006BBBC6 /* APIManager.swift */,
			);
			path = Network;
			sourceTree = "<group>";
		};
		D7F760AA22DC2E2C001711CB /* Model */ = {
			isa = PBXGroup;
			children = (
				D7F760AB22DC2E73001711CB /* UserModel.swift */,
				D747BDCB22E85681004EE1D3 /* Person.swift */,
				D7E0212F22FD10B2008D0815 /* Manager.swift */,
			);
			path = Model;
			sourceTree = "<group>";
		};
/* End PBXGroup section */

/* Begin PBXNativeTarget section */
		D7B4CC4322D449A60068FD59 /* BaseProject */ = {
			isa = PBXNativeTarget;
			buildConfigurationList = D7B4CC5622D449B90068FD59 /* Build configuration list for PBXNativeTarget "BaseProject" */;
			buildPhases = (
				6F595FB3882252A4D8B5D6F8 /* [CP] Check Pods Manifest.lock */,
				D7B4CC4022D449A60068FD59 /* Sources */,
				D7B4CC4122D449A60068FD59 /* Frameworks */,
				D7B4CC4222D449A60068FD59 /* Resources */,
				32A275BAB8DAA021FBED2140 /* [CP] Embed Pods Frameworks */,
			);
			buildRules = (
			);
			dependencies = (
			);
			name = BaseProject;
			productName = BaseProject;
			productReference = D7B4CC4422D449A60068FD59 /* BaseProject.app */;
			productType = "com.apple.product-type.application";
		};
/* End PBXNativeTarget section */

/* Begin PBXProject section */
		D7B4CC3C22D449A60068FD59 /* Project object */ = {
			isa = PBXProject;
			attributes = {
				LastSwiftUpdateCheck = 1020;
				LastUpgradeCheck = 1020;
				ORGANIZATIONNAME = curefun;
				TargetAttributes = {
					D7B4CC4322D449A60068FD59 = {
						CreatedOnToolsVersion = 10.2.1;
					};
				};
			};
			buildConfigurationList = D7B4CC3F22D449A60068FD59 /* Build configuration list for PBXProject "BaseProject" */;
			compatibilityVersion = "Xcode 9.3";
			developmentRegion = en;
			hasScannedForEncodings = 0;
			knownRegions = (
				en,
				Base,
			);
			mainGroup = D7B4CC3B22D449A60068FD59;
			productRefGroup = D7B4CC4522D449A60068FD59 /* Products */;
			projectDirPath = "";
			projectRoot = "";
			targets = (
				D7B4CC4322D449A60068FD59 /* BaseProject */,
			);
		};
/* End PBXProject section */

/* Begin PBXResourcesBuildPhase section */
		D7B4CC4222D449A60068FD59 /* Resources */ = {
			isa = PBXResourcesBuildPhase;
			buildActionMask = 2147483647;
			files = (
				D7B4CC5222D449B90068FD59 /* LaunchScreen.storyboard in Resources */,
				D7B4CC4F22D449B90068FD59 /* Assets.xcassets in Resources */,
				D7B4CC4D22D449A60068FD59 /* Main.storyboard in Resources */,
			);
			runOnlyForDeploymentPostprocessing = 0;
		};
/* End PBXResourcesBuildPhase section */

/* Begin PBXShellScriptBuildPhase section */
		32A275BAB8DAA021FBED2140 /* [CP] Embed Pods Frameworks */ = {
			isa = PBXShellScriptBuildPhase;
			buildActionMask = 2147483647;
			files = (
			);
			inputPaths = (
				"${SRCROOT}/Pods/Target Support Files/Pods-BaseProject/Pods-BaseProject-frameworks.sh",
				"${BUILT_PRODUCTS_DIR}/Alamofire/Alamofire.framework",
				"${BUILT_PRODUCTS_DIR}/Moya/Moya.framework",
				"${BUILT_PRODUCTS_DIR}/Result/Result.framework",
				"${BUILT_PRODUCTS_DIR}/SVProgressHUD/SVProgressHUD.framework",
				"${BUILT_PRODUCTS_DIR}/SwiftHash/SwiftHash.framework",
				"${BUILT_PRODUCTS_DIR}/SwiftyJSON/SwiftyJSON.framework",
			);
			name = "[CP] Embed Pods Frameworks";
			outputPaths = (
				"${TARGET_BUILD_DIR}/${FRAMEWORKS_FOLDER_PATH}/Alamofire.framework",
				"${TARGET_BUILD_DIR}/${FRAMEWORKS_FOLDER_PATH}/Moya.framework",
				"${TARGET_BUILD_DIR}/${FRAMEWORKS_FOLDER_PATH}/Result.framework",
				"${TARGET_BUILD_DIR}/${FRAMEWORKS_FOLDER_PATH}/SVProgressHUD.framework",
				"${TARGET_BUILD_DIR}/${FRAMEWORKS_FOLDER_PATH}/SwiftHash.framework",
				"${TARGET_BUILD_DIR}/${FRAMEWORKS_FOLDER_PATH}/SwiftyJSON.framework",
			);
			runOnlyForDeploymentPostprocessing = 0;
			shellPath = /bin/sh;
			shellScript = "\"${SRCROOT}/Pods/Target Support Files/Pods-BaseProject/Pods-BaseProject-frameworks.sh\"\n";
			showEnvVarsInLog = 0;
		};
		6F595FB3882252A4D8B5D6F8 /* [CP] Check Pods Manifest.lock */ = {
			isa = PBXShellScriptBuildPhase;
			buildActionMask = 2147483647;
			files = (
			);
			inputPaths = (
				"${PODS_PODFILE_DIR_PATH}/Podfile.lock",
				"${PODS_ROOT}/Manifest.lock",
			);
			name = "[CP] Check Pods Manifest.lock";
			outputPaths = (
				"$(DERIVED_FILE_DIR)/Pods-BaseProject-checkManifestLockResult.txt",
			);
			runOnlyForDeploymentPostprocessing = 0;
			shellPath = /bin/sh;
			shellScript = "diff \"${PODS_PODFILE_DIR_PATH}/Podfile.lock\" \"${PODS_ROOT}/Manifest.lock\" > /dev/null\nif [ $? != 0 ] ; then\n    # print error to STDERR\n    echo \"error: The sandbox is not in sync with the Podfile.lock. Run 'pod install' or update your CocoaPods installation.\" >&2\n    exit 1\nfi\n# This output is used by Xcode 'outputs' to avoid re-running this script phase.\necho \"SUCCESS\" > \"${SCRIPT_OUTPUT_FILE_0}\"\n";
			showEnvVarsInLog = 0;
		};
/* End PBXShellScriptBuildPhase section */

/* Begin PBXSourcesBuildPhase section */
		D7B4CC4022D449A60068FD59 /* Sources */ = {
			isa = PBXSourcesBuildPhase;
			buildActionMask = 2147483647;
			files = (
				D7B4CC4A22D449A60068FD59 /* ViewController.swift in Sources */,
				D7E55D0322FC01B3006BBBC6 /* APIKeys.swift in Sources */,
				D7F760AC22DC2E73001711CB /* UserModel.swift in Sources */,
				D7E0213022FD10B2008D0815 /* Manager.swift in Sources */,
				D747BDCC22E85681004EE1D3 /* Person.swift in Sources */,
				D7E55D0522FC023F006BBBC6 /* API.swift in Sources */,
				D7B4CC4822D449A60068FD59 /* AppDelegate.swift in Sources */,
				D7E55D0722FC0251006BBBC6 /* APIManager.swift in Sources */,
			);
			runOnlyForDeploymentPostprocessing = 0;
		};
/* End PBXSourcesBuildPhase section */

/* Begin PBXVariantGroup section */
		D7B4CC4B22D449A60068FD59 /* Main.storyboard */ = {
			isa = PBXVariantGroup;
			children = (
				D7B4CC4C22D449A60068FD59 /* Base */,
			);
			name = Main.storyboard;
			sourceTree = "<group>";
		};
		D7B4CC5022D449B90068FD59 /* LaunchScreen.storyboard */ = {
			isa = PBXVariantGroup;
			children = (
				D7B4CC5122D449B90068FD59 /* Base */,
			);
			name = LaunchScreen.storyboard;
			sourceTree = "<group>";
		};
/* End PBXVariantGroup section */

/* Begin XCBuildConfiguration section */
		D7B4CC5422D449B90068FD59 /* Debug */ = {
			isa = XCBuildConfiguration;
			buildSettings = {
				ALWAYS_SEARCH_USER_PATHS = NO;
				CLANG_ANALYZER_NONNULL = YES;
				CLANG_ANALYZER_NUMBER_OBJECT_CONVERSION = YES_AGGRESSIVE;
				CLANG_CXX_LANGUAGE_STANDARD = "gnu++14";
				CLANG_CXX_LIBRARY = "libc++";
				CLANG_ENABLE_MODULES = YES;
				CLANG_ENABLE_OBJC_ARC = YES;
				CLANG_ENABLE_OBJC_WEAK = YES;
				CLANG_WARN_BLOCK_CAPTURE_AUTORELEASING = YES;
				CLANG_WARN_BOOL_CONVERSION = YES;
				CLANG_WARN_COMMA = YES;
				CLANG_WARN_CONSTANT_CONVERSION = YES;
				CLANG_WARN_DEPRECATED_OBJC_IMPLEMENTATIONS = YES;
				CLANG_WARN_DIRECT_OBJC_ISA_USAGE = YES_ERROR;
				CLANG_WARN_DOCUMENTATION_COMMENTS = YES;
				CLANG_WARN_EMPTY_BODY = YES;
				CLANG_WARN_ENUM_CONVERSION = YES;
				CLANG_WARN_INFINITE_RECURSION = YES;
				CLANG_WARN_INT_CONVERSION = YES;
				CLANG_WARN_NON_LITERAL_NULL_CONVERSION = YES;
				CLANG_WARN_OBJC_IMPLICIT_RETAIN_SELF = YES;
				CLANG_WARN_OBJC_LITERAL_CONVERSION = YES;
				CLANG_WARN_OBJC_ROOT_CLASS = YES_ERROR;
				CLANG_WARN_RANGE_LOOP_ANALYSIS = YES;
				CLANG_WARN_STRICT_PROTOTYPES = YES;
				CLANG_WARN_SUSPICIOUS_MOVE = YES;
				CLANG_WARN_UNGUARDED_AVAILABILITY = YES_AGGRESSIVE;
				CLANG_WARN_UNREACHABLE_CODE = YES;
				CLANG_WARN__DUPLICATE_METHOD_MATCH = YES;
				CODE_SIGN_IDENTITY = "iPhone Developer";
				COPY_PHASE_STRIP = NO;
				DEBUG_INFORMATION_FORMAT = dwarf;
				ENABLE_STRICT_OBJC_MSGSEND = YES;
				ENABLE_TESTABILITY = YES;
				GCC_C_LANGUAGE_STANDARD = gnu11;
				GCC_DYNAMIC_NO_PIC = NO;
				GCC_NO_COMMON_BLOCKS = YES;
				GCC_OPTIMIZATION_LEVEL = 0;
				GCC_PREPROCESSOR_DEFINITIONS = (
					"DEBUG=1",
					"$(inherited)",
				);
				GCC_WARN_64_TO_32_BIT_CONVERSION = YES;
				GCC_WARN_ABOUT_RETURN_TYPE = YES_ERROR;
				GCC_WARN_UNDECLARED_SELECTOR = YES;
				GCC_WARN_UNINITIALIZED_AUTOS = YES_AGGRESSIVE;
				GCC_WARN_UNUSED_FUNCTION = YES;
				GCC_WARN_UNUSED_VARIABLE = YES;
				IPHONEOS_DEPLOYMENT_TARGET = 12.2;
				MTL_ENABLE_DEBUG_INFO = INCLUDE_SOURCE;
				MTL_FAST_MATH = YES;
				ONLY_ACTIVE_ARCH = YES;
				SDKROOT = iphoneos;
				SWIFT_ACTIVE_COMPILATION_CONDITIONS = DEBUG;
				SWIFT_OPTIMIZATION_LEVEL = "-Onone";
			};
			name = Debug;
		};
		D7B4CC5522D449B90068FD59 /* Release */ = {
			isa = XCBuildConfiguration;
			buildSettings = {
				ALWAYS_SEARCH_USER_PATHS = NO;
				CLANG_ANALYZER_NONNULL = YES;
				CLANG_ANALYZER_NUMBER_OBJECT_CONVERSION = YES_AGGRESSIVE;
				CLANG_CXX_LANGUAGE_STANDARD = "gnu++14";
				CLANG_CXX_LIBRARY = "libc++";
				CLANG_ENABLE_MODULES = YES;
				CLANG_ENABLE_OBJC_ARC = YES;
				CLANG_ENABLE_OBJC_WEAK = YES;
				CLANG_WARN_BLOCK_CAPTURE_AUTORELEASING = YES;
				CLANG_WARN_BOOL_CONVERSION = YES;
				CLANG_WARN_COMMA = YES;
				CLANG_WARN_CONSTANT_CONVERSION = YES;
				CLANG_WARN_DEPRECATED_OBJC_IMPLEMENTATIONS = YES;
				CLANG_WARN_DIRECT_OBJC_ISA_USAGE = YES_ERROR;
				CLANG_WARN_DOCUMENTATION_COMMENTS = YES;
				CLANG_WARN_EMPTY_BODY = YES;
				CLANG_WARN_ENUM_CONVERSION = YES;
				CLANG_WARN_INFINITE_RECURSION = YES;
				CLANG_WARN_INT_CONVERSION = YES;
				CLANG_WARN_NON_LITERAL_NULL_CONVERSION = YES;
				CLANG_WARN_OBJC_IMPLICIT_RETAIN_SELF = YES;
				CLANG_WARN_OBJC_LITERAL_CONVERSION = YES;
				CLANG_WARN_OBJC_ROOT_CLASS = YES_ERROR;
				CLANG_WARN_RANGE_LOOP_ANALYSIS = YES;
				CLANG_WARN_STRICT_PROTOTYPES = YES;
				CLANG_WARN_SUSPICIOUS_MOVE = YES;
				CLANG_WARN_UNGUARDED_AVAILABILITY = YES_AGGRESSIVE;
				CLANG_WARN_UNREACHABLE_CODE = YES;
				CLANG_WARN__DUPLICATE_METHOD_MATCH = YES;
				CODE_SIGN_IDENTITY = "iPhone Developer";
				COPY_PHASE_STRIP = NO;
				DEBUG_INFORMATION_FORMAT = "dwarf-with-dsym";
				ENABLE_NS_ASSERTIONS = NO;
				ENABLE_STRICT_OBJC_MSGSEND = YES;
				GCC_C_LANGUAGE_STANDARD = gnu11;
				GCC_NO_COMMON_BLOCKS = YES;
				GCC_WARN_64_TO_32_BIT_CONVERSION = YES;
				GCC_WARN_ABOUT_RETURN_TYPE = YES_ERROR;
				GCC_WARN_UNDECLARED_SELECTOR = YES;
				GCC_WARN_UNINITIALIZED_AUTOS = YES_AGGRESSIVE;
				GCC_WARN_UNUSED_FUNCTION = YES;
				GCC_WARN_UNUSED_VARIABLE = YES;
				IPHONEOS_DEPLOYMENT_TARGET = 12.2;
				MTL_ENABLE_DEBUG_INFO = NO;
				MTL_FAST_MATH = YES;
				SDKROOT = iphoneos;
				SWIFT_COMPILATION_MODE = wholemodule;
				SWIFT_OPTIMIZATION_LEVEL = "-O";
				VALIDATE_PRODUCT = YES;
			};
			name = Release;
		};
		D7B4CC5722D449B90068FD59 /* Debug */ = {
			isa = XCBuildConfiguration;
			baseConfigurationReference = 8E6B23218015D522165E10A4 /* Pods-BaseProject.debug.xcconfig */;
			buildSettings = {
				ASSETCATALOG_COMPILER_APPICON_NAME = AppIcon;
				CODE_SIGN_STYLE = Automatic;
				DEVELOPMENT_TEAM = CEW846XYSB;
				INFOPLIST_FILE = BaseProject/Info.plist;
				LD_RUNPATH_SEARCH_PATHS = "$(inherited) @executable_path/Frameworks";
				PRODUCT_BUNDLE_IDENTIFIER = com.curefun.BaseProject;
				PRODUCT_NAME = "$(TARGET_NAME)";
				SWIFT_VERSION = 5.0;
				TARGETED_DEVICE_FAMILY = "1,2";
			};
			name = Debug;
		};
		D7B4CC5822D449B90068FD59 /* Release */ = {
			isa = XCBuildConfiguration;
			baseConfigurationReference = 3C45A087F2BA11C5896EBF9C /* Pods-BaseProject.release.xcconfig */;
			buildSettings = {
				ASSETCATALOG_COMPILER_APPICON_NAME = AppIcon;
				CODE_SIGN_STYLE = Automatic;
				DEVELOPMENT_TEAM = CEW846XYSB;
				INFOPLIST_FILE = BaseProject/Info.plist;
				LD_RUNPATH_SEARCH_PATHS = "$(inherited) @executable_path/Frameworks";
				PRODUCT_BUNDLE_IDENTIFIER = com.curefun.BaseProject;
				PRODUCT_NAME = "$(TARGET_NAME)";
				SWIFT_VERSION = 5.0;
				TARGETED_DEVICE_FAMILY = "1,2";
			};
			name = Release;
		};
/* End XCBuildConfiguration section */

/* Begin XCConfigurationList section */
		D7B4CC3F22D449A60068FD59 /* Build configuration list for PBXProject "BaseProject" */ = {
			isa = XCConfigurationList;
			buildConfigurations = (
				D7B4CC5422D449B90068FD59 /* Debug */,
				D7B4CC5522D449B90068FD59 /* Release */,
			);
			defaultConfigurationIsVisible = 0;
			defaultConfigurationName = Release;
		};
		D7B4CC5622D449B90068FD59 /* Build configuration list for PBXNativeTarget "BaseProject" */ = {
			isa = XCConfigurationList;
			buildConfigurations = (
				D7B4CC5722D449B90068FD59 /* Debug */,
				D7B4CC5822D449B90068FD59 /* Release */,
			);
			defaultConfigurationIsVisible = 0;
			defaultConfigurationName = Release;
		};
/* End XCConfigurationList section */
	};
	rootObject = D7B4CC3C22D449A60068FD59 /* Project object */;
}
