PODS:
  - Alamofire (4.8.2)
  - HandyJSON (5.0.0)
  - Moya (13.0.1):
    - Moya/Core (= 13.0.1)
  - Moya/Core (13.0.1):
    - Alamofire (~> 4.1)
    - Result (~> 4.1)
  - Result (4.1.0)
  - SVProgressHUD (2.2.5)
  - SwiftHash (2.0.2)
  - SwiftyJSON (4.3.0)

DEPENDENCIES:
  - Alamofire
  - HandyJSON (~> 5.0.0)
  - Moya (~> 13.0)
  - SVProgressHUD
  - SwiftHash
  - SwiftyJSON (~> 4.0)

SPEC REPOS:
  https://github.com/cocoapods/specs.git:
    - Alamofire
    - HandyJSON
    - Moya
    - Result
    - SVProgressHUD
    - SwiftHash
    - SwiftyJSON

SPEC CHECKSUMS:
  Alamofire: ae5c501addb7afdbb13687d7f2f722c78734c2d3
  HandyJSON: 992f2d661716d6a91de82d0056927bc7813b5770
  Moya: f4a4b80ff2f8a4ffc208dfb31cd91636622fee6e
  Result: bd966fac789cc6c1563440b348ab2598cc24d5c7
  SVProgressHUD: 1428aafac632c1f86f62aa4243ec12008d7a51d6
  SwiftHash: 6d312abe61c8359bdef8d0093642f3a70b1c17ba
  SwiftyJSON: 6faa0040f8b59dead0ee07436cbf76b73c08fd08

PODFILE CHECKSUM: efe4d3be09e74c92d80ff9e7d1fc49f23f666702

COCOAPODS: 1.5.3
