// !$*UTF8*$!
{
	archiveVersion = 1;
	classes = {
	};
	objectVersion = 50;
	objects = {

/* Begin PBXBuildFile section */
		D745B32824EBCF800012B74C /* MapView.swift in Sources */ = {isa = PBXBuildFile; fileRef = D745B32724EBCF800012B74C /* MapView.swift */; };
		D745B32B24ECBE280012B74C /* Landmark.swift in Sources */ = {isa = PBXBuildFile; fileRef = D745B32A24ECBE280012B74C /* Landmark.swift */; };
		D745B33A24ECBFCF0012B74C /* turtlerock.jpg in Resources */ = {isa = PBXBuildFile; fileRef = D745B32D24ECBFCF0012B74C /* turtlerock.jpg */; };
		D745B33B24ECBFCF0012B74C /* silversalmoncreek.jpg in Resources */ = {isa = PBXBuildFile; fileRef = D745B32E24ECBFCF0012B74C /* silversalmoncreek.jpg */; };
		D745B33C24ECBFCF0012B74C /* icybay.jpg in Resources */ = {isa = PBXBuildFile; fileRef = D745B32F24ECBFCF0012B74C /* icybay.jpg */; };
		D745B33D24ECBFCF0012B74C /* lakemcdonald.jpg in Resources */ = {isa = PBXBuildFile; fileRef = D745B33024ECBFCF0012B74C /* lakemcdonald.jpg */; };
		D745B33E24ECBFCF0012B74C /* hiddenlake.jpg in Resources */ = {isa = PBXBuildFile; fileRef = D745B33124ECBFCF0012B74C /* hiddenlake.jpg */; };
		D745B33F24ECBFCF0012B74C /* twinlake.jpg in Resources */ = {isa = PBXBuildFile; fileRef = D745B33224ECBFCF0012B74C /* twinlake.jpg */; };
		D745B34024ECBFCF0012B74C /* umbagog.jpg in Resources */ = {isa = PBXBuildFile; fileRef = D745B33324ECBFCF0012B74C /* umbagog.jpg */; };
		D745B34124ECBFCF0012B74C /* landmarkData.json in Resources */ = {isa = PBXBuildFile; fileRef = D745B33424ECBFCF0012B74C /* landmarkData.json */; };
		D745B34224ECBFCF0012B74C /* chincoteague.jpg in Resources */ = {isa = PBXBuildFile; fileRef = D745B33524ECBFCF0012B74C /* chincoteague.jpg */; };
		D745B34324ECBFCF0012B74C /* yukon_charleyrivers.jpg in Resources */ = {isa = PBXBuildFile; fileRef = D745B33624ECBFCF0012B74C /* yukon_charleyrivers.jpg */; };
		D745B34424ECBFCF0012B74C /* stmarylake.jpg in Resources */ = {isa = PBXBuildFile; fileRef = D745B33724ECBFCF0012B74C /* stmarylake.jpg */; };
		D745B34524ECBFCF0012B74C /* chilkoottrail.jpg in Resources */ = {isa = PBXBuildFile; fileRef = D745B33824ECBFCF0012B74C /* chilkoottrail.jpg */; };
		D745B34624ECBFCF0012B74C /* rainbowlake.jpg in Resources */ = {isa = PBXBuildFile; fileRef = D745B33924ECBFCF0012B74C /* rainbowlake.jpg */; };
		D745B34824ECC0670012B74C /* Data.swift in Sources */ = {isa = PBXBuildFile; fileRef = D745B34724ECC0670012B74C /* Data.swift */; };
		D745B34A24ECC4F20012B74C /* LandmarkRow.swift in Sources */ = {isa = PBXBuildFile; fileRef = D745B34924ECC4F20012B74C /* LandmarkRow.swift */; };
		D745B34C24ECC6AB0012B74C /* LandmarkList.swift in Sources */ = {isa = PBXBuildFile; fileRef = D745B34B24ECC6AB0012B74C /* LandmarkList.swift */; };
		D77BE93023ACADF900BEB609 /* AppDelegate.swift in Sources */ = {isa = PBXBuildFile; fileRef = D77BE92F23ACADF900BEB609 /* AppDelegate.swift */; };
		D77BE93223ACADF900BEB609 /* SceneDelegate.swift in Sources */ = {isa = PBXBuildFile; fileRef = D77BE93123ACADF900BEB609 /* SceneDelegate.swift */; };
		D77BE93423ACADF900BEB609 /* LandmarkDetail.swift in Sources */ = {isa = PBXBuildFile; fileRef = D77BE93323ACADF900BEB609 /* LandmarkDetail.swift */; };
		D77BE93623ACAE0C00BEB609 /* Assets.xcassets in Resources */ = {isa = PBXBuildFile; fileRef = D77BE93523ACAE0C00BEB609 /* Assets.xcassets */; };
		D77BE93923ACAE0C00BEB609 /* Preview Assets.xcassets in Resources */ = {isa = PBXBuildFile; fileRef = D77BE93823ACAE0C00BEB609 /* Preview Assets.xcassets */; };
		D77BE93C23ACAE0C00BEB609 /* LaunchScreen.storyboard in Resources */ = {isa = PBXBuildFile; fileRef = D77BE93A23ACAE0C00BEB609 /* LaunchScreen.storyboard */; };
		D77BE94423ACBFCB00BEB609 /* CircleImage.swift in Sources */ = {isa = PBXBuildFile; fileRef = D77BE94323ACBFCB00BEB609 /* CircleImage.swift */; };
/* End PBXBuildFile section */

/* Begin PBXFileReference section */
		D745B32724EBCF800012B74C /* MapView.swift */ = {isa = PBXFileReference; lastKnownFileType = sourcecode.swift; path = MapView.swift; sourceTree = "<group>"; };
		D745B32A24ECBE280012B74C /* Landmark.swift */ = {isa = PBXFileReference; lastKnownFileType = sourcecode.swift; path = Landmark.swift; sourceTree = "<group>"; };
		D745B32D24ECBFCF0012B74C /* turtlerock.jpg */ = {isa = PBXFileReference; lastKnownFileType = image.jpeg; path = turtlerock.jpg; sourceTree = "<group>"; };
		D745B32E24ECBFCF0012B74C /* silversalmoncreek.jpg */ = {isa = PBXFileReference; lastKnownFileType = image.jpeg; path = silversalmoncreek.jpg; sourceTree = "<group>"; };
		D745B32F24ECBFCF0012B74C /* icybay.jpg */ = {isa = PBXFileReference; lastKnownFileType = image.jpeg; path = icybay.jpg; sourceTree = "<group>"; };
		D745B33024ECBFCF0012B74C /* lakemcdonald.jpg */ = {isa = PBXFileReference; lastKnownFileType = image.jpeg; path = lakemcdonald.jpg; sourceTree = "<group>"; };
		D745B33124ECBFCF0012B74C /* hiddenlake.jpg */ = {isa = PBXFileReference; lastKnownFileType = image.jpeg; path = hiddenlake.jpg; sourceTree = "<group>"; };
		D745B33224ECBFCF0012B74C /* twinlake.jpg */ = {isa = PBXFileReference; lastKnownFileType = image.jpeg; path = twinlake.jpg; sourceTree = "<group>"; };
		D745B33324ECBFCF0012B74C /* umbagog.jpg */ = {isa = PBXFileReference; lastKnownFileType = image.jpeg; path = umbagog.jpg; sourceTree = "<group>"; };
		D745B33424ECBFCF0012B74C /* landmarkData.json */ = {isa = PBXFileReference; fileEncoding = 4; lastKnownFileType = text.json; path = landmarkData.json; sourceTree = "<group>"; };
		D745B33524ECBFCF0012B74C /* chincoteague.jpg */ = {isa = PBXFileReference; lastKnownFileType = image.jpeg; path = chincoteague.jpg; sourceTree = "<group>"; };
		D745B33624ECBFCF0012B74C /* yukon_charleyrivers.jpg */ = {isa = PBXFileReference; lastKnownFileType = image.jpeg; path = yukon_charleyrivers.jpg; sourceTree = "<group>"; };
		D745B33724ECBFCF0012B74C /* stmarylake.jpg */ = {isa = PBXFileReference; lastKnownFileType = image.jpeg; path = stmarylake.jpg; sourceTree = "<group>"; };
		D745B33824ECBFCF0012B74C /* chilkoottrail.jpg */ = {isa = PBXFileReference; lastKnownFileType = image.jpeg; path = chilkoottrail.jpg; sourceTree = "<group>"; };
		D745B33924ECBFCF0012B74C /* rainbowlake.jpg */ = {isa = PBXFileReference; lastKnownFileType = image.jpeg; path = rainbowlake.jpg; sourceTree = "<group>"; };
		D745B34724ECC0670012B74C /* Data.swift */ = {isa = PBXFileReference; fileEncoding = 4; lastKnownFileType = sourcecode.swift; path = Data.swift; sourceTree = "<group>"; };
		D745B34924ECC4F20012B74C /* LandmarkRow.swift */ = {isa = PBXFileReference; lastKnownFileType = sourcecode.swift; path = LandmarkRow.swift; sourceTree = "<group>"; };
		D745B34B24ECC6AB0012B74C /* LandmarkList.swift */ = {isa = PBXFileReference; lastKnownFileType = sourcecode.swift; path = LandmarkList.swift; sourceTree = "<group>"; };
		D77BE92C23ACADF900BEB609 /* Landmarks.app */ = {isa = PBXFileReference; explicitFileType = wrapper.application; includeInIndex = 0; path = Landmarks.app; sourceTree = BUILT_PRODUCTS_DIR; };
		D77BE92F23ACADF900BEB609 /* AppDelegate.swift */ = {isa = PBXFileReference; lastKnownFileType = sourcecode.swift; path = AppDelegate.swift; sourceTree = "<group>"; };
		D77BE93123ACADF900BEB609 /* SceneDelegate.swift */ = {isa = PBXFileReference; lastKnownFileType = sourcecode.swift; path = SceneDelegate.swift; sourceTree = "<group>"; };
		D77BE93323ACADF900BEB609 /* LandmarkDetail.swift */ = {isa = PBXFileReference; lastKnownFileType = sourcecode.swift; path = LandmarkDetail.swift; sourceTree = "<group>"; };
		D77BE93523ACAE0C00BEB609 /* Assets.xcassets */ = {isa = PBXFileReference; lastKnownFileType = folder.assetcatalog; path = Assets.xcassets; sourceTree = "<group>"; };
		D77BE93823ACAE0C00BEB609 /* Preview Assets.xcassets */ = {isa = PBXFileReference; lastKnownFileType = folder.assetcatalog; path = "Preview Assets.xcassets"; sourceTree = "<group>"; };
		D77BE93B23ACAE0C00BEB609 /* Base */ = {isa = PBXFileReference; lastKnownFileType = file.storyboard; name = Base; path = Base.lproj/LaunchScreen.storyboard; sourceTree = "<group>"; };
		D77BE93D23ACAE0C00BEB609 /* Info.plist */ = {isa = PBXFileReference; lastKnownFileType = text.plist.xml; path = Info.plist; sourceTree = "<group>"; };
		D77BE94323ACBFCB00BEB609 /* CircleImage.swift */ = {isa = PBXFileReference; lastKnownFileType = sourcecode.swift; path = CircleImage.swift; sourceTree = "<group>"; };
/* End PBXFileReference section */

/* Begin PBXFrameworksBuildPhase section */
		D77BE92923ACADF900BEB609 /* Frameworks */ = {
			isa = PBXFrameworksBuildPhase;
			buildActionMask = 2147483647;
			files = (
			);
			runOnlyForDeploymentPostprocessing = 0;
		};
/* End PBXFrameworksBuildPhase section */

/* Begin PBXGroup section */
		D745B32924ECBDEE0012B74C /* Models */ = {
			isa = PBXGroup;
			children = (
				D745B34724ECC0670012B74C /* Data.swift */,
				D745B32A24ECBE280012B74C /* Landmark.swift */,
			);
			path = Models;
			sourceTree = "<group>";
		};
		D745B32C24ECBFCF0012B74C /* Resources */ = {
			isa = PBXGroup;
			children = (
				D745B32D24ECBFCF0012B74C /* turtlerock.jpg */,
				D745B32E24ECBFCF0012B74C /* silversalmoncreek.jpg */,
				D745B32F24ECBFCF0012B74C /* icybay.jpg */,
				D745B33024ECBFCF0012B74C /* lakemcdonald.jpg */,
				D745B33124ECBFCF0012B74C /* hiddenlake.jpg */,
				D745B33224ECBFCF0012B74C /* twinlake.jpg */,
				D745B33324ECBFCF0012B74C /* umbagog.jpg */,
				D745B33424ECBFCF0012B74C /* landmarkData.json */,
				D745B33524ECBFCF0012B74C /* chincoteague.jpg */,
				D745B33624ECBFCF0012B74C /* yukon_charleyrivers.jpg */,
				D745B33724ECBFCF0012B74C /* stmarylake.jpg */,
				D745B33824ECBFCF0012B74C /* chilkoottrail.jpg */,
				D745B33924ECBFCF0012B74C /* rainbowlake.jpg */,
			);
			path = Resources;
			sourceTree = "<group>";
		};
		D77BE92323ACADF900BEB609 = {
			isa = PBXGroup;
			children = (
				D77BE92E23ACADF900BEB609 /* Landmarks */,
				D77BE92D23ACADF900BEB609 /* Products */,
			);
			sourceTree = "<group>";
		};
		D77BE92D23ACADF900BEB609 /* Products */ = {
			isa = PBXGroup;
			children = (
				D77BE92C23ACADF900BEB609 /* Landmarks.app */,
			);
			name = Products;
			sourceTree = "<group>";
		};
		D77BE92E23ACADF900BEB609 /* Landmarks */ = {
			isa = PBXGroup;
			children = (
				D745B32C24ECBFCF0012B74C /* Resources */,
				D745B32924ECBDEE0012B74C /* Models */,
				D77BE92F23ACADF900BEB609 /* AppDelegate.swift */,
				D77BE93123ACADF900BEB609 /* SceneDelegate.swift */,
				D77BE93323ACADF900BEB609 /* LandmarkDetail.swift */,
				D77BE94323ACBFCB00BEB609 /* CircleImage.swift */,
				D745B32724EBCF800012B74C /* MapView.swift */,
				D745B34924ECC4F20012B74C /* LandmarkRow.swift */,
				D745B34B24ECC6AB0012B74C /* LandmarkList.swift */,
				D77BE93523ACAE0C00BEB609 /* Assets.xcassets */,
				D77BE93A23ACAE0C00BEB609 /* LaunchScreen.storyboard */,
				D77BE93D23ACAE0C00BEB609 /* Info.plist */,
				D77BE93723ACAE0C00BEB609 /* Preview Content */,
			);
			path = Landmarks;
			sourceTree = "<group>";
		};
		D77BE93723ACAE0C00BEB609 /* Preview Content */ = {
			isa = PBXGroup;
			children = (
				D77BE93823ACAE0C00BEB609 /* Preview Assets.xcassets */,
			);
			path = "Preview Content";
			sourceTree = "<group>";
		};
/* End PBXGroup section */

/* Begin PBXNativeTarget section */
		D77BE92B23ACADF900BEB609 /* Landmarks */ = {
			isa = PBXNativeTarget;
			buildConfigurationList = D77BE94023ACAE0C00BEB609 /* Build configuration list for PBXNativeTarget "Landmarks" */;
			buildPhases = (
				D77BE92823ACADF900BEB609 /* Sources */,
				D77BE92923ACADF900BEB609 /* Frameworks */,
				D77BE92A23ACADF900BEB609 /* Resources */,
			);
			buildRules = (
			);
			dependencies = (
			);
			name = Landmarks;
			productName = Landmarks;
			productReference = D77BE92C23ACADF900BEB609 /* Landmarks.app */;
			productType = "com.apple.product-type.application";
		};
/* End PBXNativeTarget section */

/* Begin PBXProject section */
		D77BE92423ACADF900BEB609 /* Project object */ = {
			isa = PBXProject;
			attributes = {
				LastSwiftUpdateCheck = 1130;
				LastUpgradeCheck = 1130;
				ORGANIZATIONNAME = curefun;
				TargetAttributes = {
					D77BE92B23ACADF900BEB609 = {
						CreatedOnToolsVersion = 11.3;
					};
				};
			};
			buildConfigurationList = D77BE92723ACADF900BEB609 /* Build configuration list for PBXProject "Landmarks" */;
			compatibilityVersion = "Xcode 9.3";
			developmentRegion = en;
			hasScannedForEncodings = 0;
			knownRegions = (
				en,
				Base,
			);
			mainGroup = D77BE92323ACADF900BEB609;
			productRefGroup = D77BE92D23ACADF900BEB609 /* Products */;
			projectDirPath = "";
			projectRoot = "";
			targets = (
				D77BE92B23ACADF900BEB609 /* Landmarks */,
			);
		};
/* End PBXProject section */

/* Begin PBXResourcesBuildPhase section */
		D77BE92A23ACADF900BEB609 /* Resources */ = {
			isa = PBXResourcesBuildPhase;
			buildActionMask = 2147483647;
			files = (
				D745B33D24ECBFCF0012B74C /* lakemcdonald.jpg in Resources */,
				D745B33B24ECBFCF0012B74C /* silversalmoncreek.jpg in Resources */,
				D745B34124ECBFCF0012B74C /* landmarkData.json in Resources */,
				D745B33A24ECBFCF0012B74C /* turtlerock.jpg in Resources */,
				D77BE93C23ACAE0C00BEB609 /* LaunchScreen.storyboard in Resources */,
				D745B34024ECBFCF0012B74C /* umbagog.jpg in Resources */,
				D745B34424ECBFCF0012B74C /* stmarylake.jpg in Resources */,
				D745B34224ECBFCF0012B74C /* chincoteague.jpg in Resources */,
				D77BE93923ACAE0C00BEB609 /* Preview Assets.xcassets in Resources */,
				D745B33C24ECBFCF0012B74C /* icybay.jpg in Resources */,
				D745B33F24ECBFCF0012B74C /* twinlake.jpg in Resources */,
				D745B33E24ECBFCF0012B74C /* hiddenlake.jpg in Resources */,
				D77BE93623ACAE0C00BEB609 /* Assets.xcassets in Resources */,
				D745B34624ECBFCF0012B74C /* rainbowlake.jpg in Resources */,
				D745B34524ECBFCF0012B74C /* chilkoottrail.jpg in Resources */,
				D745B34324ECBFCF0012B74C /* yukon_charleyrivers.jpg in Resources */,
			);
			runOnlyForDeploymentPostprocessing = 0;
		};
/* End PBXResourcesBuildPhase section */

/* Begin PBXSourcesBuildPhase section */
		D77BE92823ACADF900BEB609 /* Sources */ = {
			isa = PBXSourcesBuildPhase;
			buildActionMask = 2147483647;
			files = (
				D745B34824ECC0670012B74C /* Data.swift in Sources */,
				D77BE93023ACADF900BEB609 /* AppDelegate.swift in Sources */,
				D77BE94423ACBFCB00BEB609 /* CircleImage.swift in Sources */,
				D745B32824EBCF800012B74C /* MapView.swift in Sources */,
				D745B34C24ECC6AB0012B74C /* LandmarkList.swift in Sources */,
				D77BE93223ACADF900BEB609 /* SceneDelegate.swift in Sources */,
				D77BE93423ACADF900BEB609 /* LandmarkDetail.swift in Sources */,
				D745B34A24ECC4F20012B74C /* LandmarkRow.swift in Sources */,
				D745B32B24ECBE280012B74C /* Landmark.swift in Sources */,
			);
			runOnlyForDeploymentPostprocessing = 0;
		};
/* End PBXSourcesBuildPhase section */

/* Begin PBXVariantGroup section */
		D77BE93A23ACAE0C00BEB609 /* LaunchScreen.storyboard */ = {
			isa = PBXVariantGroup;
			children = (
				D77BE93B23ACAE0C00BEB609 /* Base */,
			);
			name = LaunchScreen.storyboard;
			sourceTree = "<group>";
		};
/* End PBXVariantGroup section */

/* Begin XCBuildConfiguration section */
		D77BE93E23ACAE0C00BEB609 /* Debug */ = {
			isa = XCBuildConfiguration;
			buildSettings = {
				ALWAYS_SEARCH_USER_PATHS = NO;
				CLANG_ANALYZER_NONNULL = YES;
				CLANG_ANALYZER_NUMBER_OBJECT_CONVERSION = YES_AGGRESSIVE;
				CLANG_CXX_LANGUAGE_STANDARD = "gnu++14";
				CLANG_CXX_LIBRARY = "libc++";
				CLANG_ENABLE_MODULES = YES;
				CLANG_ENABLE_OBJC_ARC = YES;
				CLANG_ENABLE_OBJC_WEAK = YES;
				CLANG_WARN_BLOCK_CAPTURE_AUTORELEASING = YES;
				CLANG_WARN_BOOL_CONVERSION = YES;
				CLANG_WARN_COMMA = YES;
				CLANG_WARN_CONSTANT_CONVERSION = YES;
				CLANG_WARN_DEPRECATED_OBJC_IMPLEMENTATIONS = YES;
				CLANG_WARN_DIRECT_OBJC_ISA_USAGE = YES_ERROR;
				CLANG_WARN_DOCUMENTATION_COMMENTS = YES;
				CLANG_WARN_EMPTY_BODY = YES;
				CLANG_WARN_ENUM_CONVERSION = YES;
				CLANG_WARN_INFINITE_RECURSION = YES;
				CLANG_WARN_INT_CONVERSION = YES;
				CLANG_WARN_NON_LITERAL_NULL_CONVERSION = YES;
				CLANG_WARN_OBJC_IMPLICIT_RETAIN_SELF = YES;
				CLANG_WARN_OBJC_LITERAL_CONVERSION = YES;
				CLANG_WARN_OBJC_ROOT_CLASS = YES_ERROR;
				CLANG_WARN_RANGE_LOOP_ANALYSIS = YES;
				CLANG_WARN_STRICT_PROTOTYPES = YES;
				CLANG_WARN_SUSPICIOUS_MOVE = YES;
				CLANG_WARN_UNGUARDED_AVAILABILITY = YES_AGGRESSIVE;
				CLANG_WARN_UNREACHABLE_CODE = YES;
				CLANG_WARN__DUPLICATE_METHOD_MATCH = YES;
				COPY_PHASE_STRIP = NO;
				DEBUG_INFORMATION_FORMAT = dwarf;
				ENABLE_STRICT_OBJC_MSGSEND = YES;
				ENABLE_TESTABILITY = YES;
				GCC_C_LANGUAGE_STANDARD = gnu11;
				GCC_DYNAMIC_NO_PIC = NO;
				GCC_NO_COMMON_BLOCKS = YES;
				GCC_OPTIMIZATION_LEVEL = 0;
				GCC_PREPROCESSOR_DEFINITIONS = (
					"DEBUG=1",
					"$(inherited)",
				);
				GCC_WARN_64_TO_32_BIT_CONVERSION = YES;
				GCC_WARN_ABOUT_RETURN_TYPE = YES_ERROR;
				GCC_WARN_UNDECLARED_SELECTOR = YES;
				GCC_WARN_UNINITIALIZED_AUTOS = YES_AGGRESSIVE;
				GCC_WARN_UNUSED_FUNCTION = YES;
				GCC_WARN_UNUSED_VARIABLE = YES;
				IPHONEOS_DEPLOYMENT_TARGET = 13.2;
				MTL_ENABLE_DEBUG_INFO = INCLUDE_SOURCE;
				MTL_FAST_MATH = YES;
				ONLY_ACTIVE_ARCH = YES;
				SDKROOT = iphoneos;
				SWIFT_ACTIVE_COMPILATION_CONDITIONS = DEBUG;
				SWIFT_OPTIMIZATION_LEVEL = "-Onone";
			};
			name = Debug;
		};
		D77BE93F23ACAE0C00BEB609 /* Release */ = {
			isa = XCBuildConfiguration;
			buildSettings = {
				ALWAYS_SEARCH_USER_PATHS = NO;
				CLANG_ANALYZER_NONNULL = YES;
				CLANG_ANALYZER_NUMBER_OBJECT_CONVERSION = YES_AGGRESSIVE;
				CLANG_CXX_LANGUAGE_STANDARD = "gnu++14";
				CLANG_CXX_LIBRARY = "libc++";
				CLANG_ENABLE_MODULES = YES;
				CLANG_ENABLE_OBJC_ARC = YES;
				CLANG_ENABLE_OBJC_WEAK = YES;
				CLANG_WARN_BLOCK_CAPTURE_AUTORELEASING = YES;
				CLANG_WARN_BOOL_CONVERSION = YES;
				CLANG_WARN_COMMA = YES;
				CLANG_WARN_CONSTANT_CONVERSION = YES;
				CLANG_WARN_DEPRECATED_OBJC_IMPLEMENTATIONS = YES;
				CLANG_WARN_DIRECT_OBJC_ISA_USAGE = YES_ERROR;
				CLANG_WARN_DOCUMENTATION_COMMENTS = YES;
				CLANG_WARN_EMPTY_BODY = YES;
				CLANG_WARN_ENUM_CONVERSION = YES;
				CLANG_WARN_INFINITE_RECURSION = YES;
				CLANG_WARN_INT_CONVERSION = YES;
				CLANG_WARN_NON_LITERAL_NULL_CONVERSION = YES;
				CLANG_WARN_OBJC_IMPLICIT_RETAIN_SELF = YES;
				CLANG_WARN_OBJC_LITERAL_CONVERSION = YES;
				CLANG_WARN_OBJC_ROOT_CLASS = YES_ERROR;
				CLANG_WARN_RANGE_LOOP_ANALYSIS = YES;
				CLANG_WARN_STRICT_PROTOTYPES = YES;
				CLANG_WARN_SUSPICIOUS_MOVE = YES;
				CLANG_WARN_UNGUARDED_AVAILABILITY = YES_AGGRESSIVE;
				CLANG_WARN_UNREACHABLE_CODE = YES;
				CLANG_WARN__DUPLICATE_METHOD_MATCH = YES;
				COPY_PHASE_STRIP = NO;
				DEBUG_INFORMATION_FORMAT = "dwarf-with-dsym";
				ENABLE_NS_ASSERTIONS = NO;
				ENABLE_STRICT_OBJC_MSGSEND = YES;
				GCC_C_LANGUAGE_STANDARD = gnu11;
				GCC_NO_COMMON_BLOCKS = YES;
				GCC_WARN_64_TO_32_BIT_CONVERSION = YES;
				GCC_WARN_ABOUT_RETURN_TYPE = YES_ERROR;
				GCC_WARN_UNDECLARED_SELECTOR = YES;
				GCC_WARN_UNINITIALIZED_AUTOS = YES_AGGRESSIVE;
				GCC_WARN_UNUSED_FUNCTION = YES;
				GCC_WARN_UNUSED_VARIABLE = YES;
				IPHONEOS_DEPLOYMENT_TARGET = 13.2;
				MTL_ENABLE_DEBUG_INFO = NO;
				MTL_FAST_MATH = YES;
				SDKROOT = iphoneos;
				SWIFT_COMPILATION_MODE = wholemodule;
				SWIFT_OPTIMIZATION_LEVEL = "-O";
				VALIDATE_PRODUCT = YES;
			};
			name = Release;
		};
		D77BE94123ACAE0C00BEB609 /* Debug */ = {
			isa = XCBuildConfiguration;
			buildSettings = {
				ASSETCATALOG_COMPILER_APPICON_NAME = AppIcon;
				CODE_SIGN_IDENTITY = "Apple Development";
				CODE_SIGN_STYLE = Automatic;
				DEVELOPMENT_ASSET_PATHS = "\"Landmarks/Preview Content\"";
				DEVELOPMENT_TEAM = CEW846XYSB;
				ENABLE_PREVIEWS = YES;
				INFOPLIST_FILE = Landmarks/Info.plist;
				IPHONEOS_DEPLOYMENT_TARGET = 13.0;
				LD_RUNPATH_SEARCH_PATHS = (
					"$(inherited)",
					"@executable_path/Frameworks",
				);
				PRODUCT_BUNDLE_IDENTIFIER = com.curefun.sichuanonline.Landmarks;
				PRODUCT_NAME = "$(TARGET_NAME)";
				PROVISIONING_PROFILE_SPECIFIER = "";
				SWIFT_VERSION = 5.0;
				TARGETED_DEVICE_FAMILY = "1,2";
			};
			name = Debug;
		};
		D77BE94223ACAE0C00BEB609 /* Release */ = {
			isa = XCBuildConfiguration;
			buildSettings = {
				ASSETCATALOG_COMPILER_APPICON_NAME = AppIcon;
				CODE_SIGN_IDENTITY = "Apple Development";
				CODE_SIGN_STYLE = Automatic;
				DEVELOPMENT_ASSET_PATHS = "\"Landmarks/Preview Content\"";
				DEVELOPMENT_TEAM = CEW846XYSB;
				ENABLE_PREVIEWS = YES;
				INFOPLIST_FILE = Landmarks/Info.plist;
				IPHONEOS_DEPLOYMENT_TARGET = 13.0;
				LD_RUNPATH_SEARCH_PATHS = (
					"$(inherited)",
					"@executable_path/Frameworks",
				);
				PRODUCT_BUNDLE_IDENTIFIER = com.curefun.sichuanonline.Landmarks;
				PRODUCT_NAME = "$(TARGET_NAME)";
				PROVISIONING_PROFILE_SPECIFIER = "";
				SWIFT_VERSION = 5.0;
				TARGETED_DEVICE_FAMILY = "1,2";
			};
			name = Release;
		};
/* End XCBuildConfiguration section */

/* Begin XCConfigurationList section */
		D77BE92723ACADF900BEB609 /* Build configuration list for PBXProject "Landmarks" */ = {
			isa = XCConfigurationList;
			buildConfigurations = (
				D77BE93E23ACAE0C00BEB609 /* Debug */,
				D77BE93F23ACAE0C00BEB609 /* Release */,
			);
			defaultConfigurationIsVisible = 0;
			defaultConfigurationName = Release;
		};
		D77BE94023ACAE0C00BEB609 /* Build configuration list for PBXNativeTarget "Landmarks" */ = {
			isa = XCConfigurationList;
			buildConfigurations = (
				D77BE94123ACAE0C00BEB609 /* Debug */,
				D77BE94223ACAE0C00BEB609 /* Release */,
			);
			defaultConfigurationIsVisible = 0;
			defaultConfigurationName = Release;
		};
/* End XCConfigurationList section */
	};
	rootObject = D77BE92423ACADF900BEB609 /* Project object */;
}
