// !$*UTF8*$!
{
	archiveVersion = 1;
	classes = {
	};
	objectVersion = 56;
	objects = {

/* Begin PBXBuildFile section */
		D789BC622B4C093C0040BF37 /* SwiftUIStacksApp.swift in Sources */ = {isa = PBXBuildFile; fileRef = D789BC612B4C093C0040BF37 /* SwiftUIStacksApp.swift */; };
		D789BC642B4C093C0040BF37 /* ContentView.swift in Sources */ = {isa = PBXBuildFile; fileRef = D789BC632B4C093C0040BF37 /* ContentView.swift */; };
		D789BC662B4C093E0040BF37 /* Assets.xcassets in Resources */ = {isa = PBXBuildFile; fileRef = D789BC652B4C093E0040BF37 /* Assets.xcassets */; };
		D789BC692B4C093E0040BF37 /* Preview Assets.xcassets in Resources */ = {isa = PBXBuildFile; fileRef = D789BC682B4C093E0040BF37 /* Preview Assets.xcassets */; };
		D789BC732B4C093E0040BF37 /* SwiftUIStacksTests.swift in Sources */ = {isa = PBXBuildFile; fileRef = D789BC722B4C093E0040BF37 /* SwiftUIStacksTests.swift */; };
		D789BC7D2B4C093E0040BF37 /* SwiftUIStacksUITests.swift in Sources */ = {isa = PBXBuildFile; fileRef = D789BC7C2B4C093E0040BF37 /* SwiftUIStacksUITests.swift */; };
		D789BC7F2B4C093E0040BF37 /* SwiftUIStacksUITestsLaunchTests.swift in Sources */ = {isa = PBXBuildFile; fileRef = D789BC7E2B4C093E0040BF37 /* SwiftUIStacksUITestsLaunchTests.swift */; };
		D789BC8C2B4C135E0040BF37 /* ExerciseView.swift in Sources */ = {isa = PBXBuildFile; fileRef = D789BC8B2B4C135E0040BF37 /* ExerciseView.swift */; };
/* End PBXBuildFile section */

/* Begin PBXContainerItemProxy section */
		D789BC6F2B4C093E0040BF37 /* PBXContainerItemProxy */ = {
			isa = PBXContainerItemProxy;
			containerPortal = D789BC562B4C093C0040BF37 /* Project object */;
			proxyType = 1;
			remoteGlobalIDString = D789BC5D2B4C093C0040BF37;
			remoteInfo = SwiftUIStacks;
		};
		D789BC792B4C093E0040BF37 /* PBXContainerItemProxy */ = {
			isa = PBXContainerItemProxy;
			containerPortal = D789BC562B4C093C0040BF37 /* Project object */;
			proxyType = 1;
			remoteGlobalIDString = D789BC5D2B4C093C0040BF37;
			remoteInfo = SwiftUIStacks;
		};
/* End PBXContainerItemProxy section */

/* Begin PBXFileReference section */
		D789BC5E2B4C093C0040BF37 /* SwiftUIStacks.app */ = {isa = PBXFileReference; explicitFileType = wrapper.application; includeInIndex = 0; path = SwiftUIStacks.app; sourceTree = BUILT_PRODUCTS_DIR; };
		D789BC612B4C093C0040BF37 /* SwiftUIStacksApp.swift */ = {isa = PBXFileReference; lastKnownFileType = sourcecode.swift; path = SwiftUIStacksApp.swift; sourceTree = "<group>"; };
		D789BC632B4C093C0040BF37 /* ContentView.swift */ = {isa = PBXFileReference; lastKnownFileType = sourcecode.swift; path = ContentView.swift; sourceTree = "<group>"; };
		D789BC652B4C093E0040BF37 /* Assets.xcassets */ = {isa = PBXFileReference; lastKnownFileType = folder.assetcatalog; path = Assets.xcassets; sourceTree = "<group>"; };
		D789BC682B4C093E0040BF37 /* Preview Assets.xcassets */ = {isa = PBXFileReference; lastKnownFileType = folder.assetcatalog; path = "Preview Assets.xcassets"; sourceTree = "<group>"; };
		D789BC6E2B4C093E0040BF37 /* SwiftUIStacksTests.xctest */ = {isa = PBXFileReference; explicitFileType = wrapper.cfbundle; includeInIndex = 0; path = SwiftUIStacksTests.xctest; sourceTree = BUILT_PRODUCTS_DIR; };
		D789BC722B4C093E0040BF37 /* SwiftUIStacksTests.swift */ = {isa = PBXFileReference; lastKnownFileType = sourcecode.swift; path = SwiftUIStacksTests.swift; sourceTree = "<group>"; };
		D789BC782B4C093E0040BF37 /* SwiftUIStacksUITests.xctest */ = {isa = PBXFileReference; explicitFileType = wrapper.cfbundle; includeInIndex = 0; path = SwiftUIStacksUITests.xctest; sourceTree = BUILT_PRODUCTS_DIR; };
		D789BC7C2B4C093E0040BF37 /* SwiftUIStacksUITests.swift */ = {isa = PBXFileReference; lastKnownFileType = sourcecode.swift; path = SwiftUIStacksUITests.swift; sourceTree = "<group>"; };
		D789BC7E2B4C093E0040BF37 /* SwiftUIStacksUITestsLaunchTests.swift */ = {isa = PBXFileReference; lastKnownFileType = sourcecode.swift; path = SwiftUIStacksUITestsLaunchTests.swift; sourceTree = "<group>"; };
		D789BC8B2B4C135E0040BF37 /* ExerciseView.swift */ = {isa = PBXFileReference; lastKnownFileType = sourcecode.swift; path = ExerciseView.swift; sourceTree = "<group>"; };
/* End PBXFileReference section */

/* Begin PBXFrameworksBuildPhase section */
		D789BC5B2B4C093C0040BF37 /* Frameworks */ = {
			isa = PBXFrameworksBuildPhase;
			buildActionMask = 2147483647;
			files = (
			);
			runOnlyForDeploymentPostprocessing = 0;
		};
		D789BC6B2B4C093E0040BF37 /* Frameworks */ = {
			isa = PBXFrameworksBuildPhase;
			buildActionMask = 2147483647;
			files = (
			);
			runOnlyForDeploymentPostprocessing = 0;
		};
		D789BC752B4C093E0040BF37 /* Frameworks */ = {
			isa = PBXFrameworksBuildPhase;
			buildActionMask = 2147483647;
			files = (
			);
			runOnlyForDeploymentPostprocessing = 0;
		};
/* End PBXFrameworksBuildPhase section */

/* Begin PBXGroup section */
		D789BC552B4C093C0040BF37 = {
			isa = PBXGroup;
			children = (
				D789BC602B4C093C0040BF37 /* SwiftUIStacks */,
				D789BC712B4C093E0040BF37 /* SwiftUIStacksTests */,
				D789BC7B2B4C093E0040BF37 /* SwiftUIStacksUITests */,
				D789BC5F2B4C093C0040BF37 /* Products */,
			);
			sourceTree = "<group>";
		};
		D789BC5F2B4C093C0040BF37 /* Products */ = {
			isa = PBXGroup;
			children = (
				D789BC5E2B4C093C0040BF37 /* SwiftUIStacks.app */,
				D789BC6E2B4C093E0040BF37 /* SwiftUIStacksTests.xctest */,
				D789BC782B4C093E0040BF37 /* SwiftUIStacksUITests.xctest */,
			);
			name = Products;
			sourceTree = "<group>";
		};
		D789BC602B4C093C0040BF37 /* SwiftUIStacks */ = {
			isa = PBXGroup;
			children = (
				D789BC612B4C093C0040BF37 /* SwiftUIStacksApp.swift */,
				D789BC632B4C093C0040BF37 /* ContentView.swift */,
				D789BC8B2B4C135E0040BF37 /* ExerciseView.swift */,
				D789BC652B4C093E0040BF37 /* Assets.xcassets */,
				D789BC672B4C093E0040BF37 /* Preview Content */,
			);
			path = SwiftUIStacks;
			sourceTree = "<group>";
		};
		D789BC672B4C093E0040BF37 /* Preview Content */ = {
			isa = PBXGroup;
			children = (
				D789BC682B4C093E0040BF37 /* Preview Assets.xcassets */,
			);
			path = "Preview Content";
			sourceTree = "<group>";
		};
		D789BC712B4C093E0040BF37 /* SwiftUIStacksTests */ = {
			isa = PBXGroup;
			children = (
				D789BC722B4C093E0040BF37 /* SwiftUIStacksTests.swift */,
			);
			path = SwiftUIStacksTests;
			sourceTree = "<group>";
		};
		D789BC7B2B4C093E0040BF37 /* SwiftUIStacksUITests */ = {
			isa = PBXGroup;
			children = (
				D789BC7C2B4C093E0040BF37 /* SwiftUIStacksUITests.swift */,
				D789BC7E2B4C093E0040BF37 /* SwiftUIStacksUITestsLaunchTests.swift */,
			);
			path = SwiftUIStacksUITests;
			sourceTree = "<group>";
		};
/* End PBXGroup section */

/* Begin PBXNativeTarget section */
		D789BC5D2B4C093C0040BF37 /* SwiftUIStacks */ = {
			isa = PBXNativeTarget;
			buildConfigurationList = D789BC822B4C093E0040BF37 /* Build configuration list for PBXNativeTarget "SwiftUIStacks" */;
			buildPhases = (
				D789BC5A2B4C093C0040BF37 /* Sources */,
				D789BC5B2B4C093C0040BF37 /* Frameworks */,
				D789BC5C2B4C093C0040BF37 /* Resources */,
			);
			buildRules = (
			);
			dependencies = (
			);
			name = SwiftUIStacks;
			productName = SwiftUIStacks;
			productReference = D789BC5E2B4C093C0040BF37 /* SwiftUIStacks.app */;
			productType = "com.apple.product-type.application";
		};
		D789BC6D2B4C093E0040BF37 /* SwiftUIStacksTests */ = {
			isa = PBXNativeTarget;
			buildConfigurationList = D789BC852B4C093E0040BF37 /* Build configuration list for PBXNativeTarget "SwiftUIStacksTests" */;
			buildPhases = (
				D789BC6A2B4C093E0040BF37 /* Sources */,
				D789BC6B2B4C093E0040BF37 /* Frameworks */,
				D789BC6C2B4C093E0040BF37 /* Resources */,
			);
			buildRules = (
			);
			dependencies = (
				D789BC702B4C093E0040BF37 /* PBXTargetDependency */,
			);
			name = SwiftUIStacksTests;
			productName = SwiftUIStacksTests;
			productReference = D789BC6E2B4C093E0040BF37 /* SwiftUIStacksTests.xctest */;
			productType = "com.apple.product-type.bundle.unit-test";
		};
		D789BC772B4C093E0040BF37 /* SwiftUIStacksUITests */ = {
			isa = PBXNativeTarget;
			buildConfigurationList = D789BC882B4C093E0040BF37 /* Build configuration list for PBXNativeTarget "SwiftUIStacksUITests" */;
			buildPhases = (
				D789BC742B4C093E0040BF37 /* Sources */,
				D789BC752B4C093E0040BF37 /* Frameworks */,
				D789BC762B4C093E0040BF37 /* Resources */,
			);
			buildRules = (
			);
			dependencies = (
				D789BC7A2B4C093E0040BF37 /* PBXTargetDependency */,
			);
			name = SwiftUIStacksUITests;
			productName = SwiftUIStacksUITests;
			productReference = D789BC782B4C093E0040BF37 /* SwiftUIStacksUITests.xctest */;
			productType = "com.apple.product-type.bundle.ui-testing";
		};
/* End PBXNativeTarget section */

/* Begin PBXProject section */
		D789BC562B4C093C0040BF37 /* Project object */ = {
			isa = PBXProject;
			attributes = {
				BuildIndependentTargetsInParallel = 1;
				LastSwiftUpdateCheck = 1510;
				LastUpgradeCheck = 1510;
				TargetAttributes = {
					D789BC5D2B4C093C0040BF37 = {
						CreatedOnToolsVersion = 15.1;
					};
					D789BC6D2B4C093E0040BF37 = {
						CreatedOnToolsVersion = 15.1;
						TestTargetID = D789BC5D2B4C093C0040BF37;
					};
					D789BC772B4C093E0040BF37 = {
						CreatedOnToolsVersion = 15.1;
						TestTargetID = D789BC5D2B4C093C0040BF37;
					};
				};
			};
			buildConfigurationList = D789BC592B4C093C0040BF37 /* Build configuration list for PBXProject "SwiftUIStacks" */;
			compatibilityVersion = "Xcode 14.0";
			developmentRegion = en;
			hasScannedForEncodings = 0;
			knownRegions = (
				en,
				Base,
			);
			mainGroup = D789BC552B4C093C0040BF37;
			productRefGroup = D789BC5F2B4C093C0040BF37 /* Products */;
			projectDirPath = "";
			projectRoot = "";
			targets = (
				D789BC5D2B4C093C0040BF37 /* SwiftUIStacks */,
				D789BC6D2B4C093E0040BF37 /* SwiftUIStacksTests */,
				D789BC772B4C093E0040BF37 /* SwiftUIStacksUITests */,
			);
		};
/* End PBXProject section */

/* Begin PBXResourcesBuildPhase section */
		D789BC5C2B4C093C0040BF37 /* Resources */ = {
			isa = PBXResourcesBuildPhase;
			buildActionMask = 2147483647;
			files = (
				D789BC692B4C093E0040BF37 /* Preview Assets.xcassets in Resources */,
				D789BC662B4C093E0040BF37 /* Assets.xcassets in Resources */,
			);
			runOnlyForDeploymentPostprocessing = 0;
		};
		D789BC6C2B4C093E0040BF37 /* Resources */ = {
			isa = PBXResourcesBuildPhase;
			buildActionMask = 2147483647;
			files = (
			);
			runOnlyForDeploymentPostprocessing = 0;
		};
		D789BC762B4C093E0040BF37 /* Resources */ = {
			isa = PBXResourcesBuildPhase;
			buildActionMask = 2147483647;
			files = (
			);
			runOnlyForDeploymentPostprocessing = 0;
		};
/* End PBXResourcesBuildPhase section */

/* Begin PBXSourcesBuildPhase section */
		D789BC5A2B4C093C0040BF37 /* Sources */ = {
			isa = PBXSourcesBuildPhase;
			buildActionMask = 2147483647;
			files = (
				D789BC8C2B4C135E0040BF37 /* ExerciseView.swift in Sources */,
				D789BC642B4C093C0040BF37 /* ContentView.swift in Sources */,
				D789BC622B4C093C0040BF37 /* SwiftUIStacksApp.swift in Sources */,
			);
			runOnlyForDeploymentPostprocessing = 0;
		};
		D789BC6A2B4C093E0040BF37 /* Sources */ = {
			isa = PBXSourcesBuildPhase;
			buildActionMask = 2147483647;
			files = (
				D789BC732B4C093E0040BF37 /* SwiftUIStacksTests.swift in Sources */,
			);
			runOnlyForDeploymentPostprocessing = 0;
		};
		D789BC742B4C093E0040BF37 /* Sources */ = {
			isa = PBXSourcesBuildPhase;
			buildActionMask = 2147483647;
			files = (
				D789BC7D2B4C093E0040BF37 /* SwiftUIStacksUITests.swift in Sources */,
				D789BC7F2B4C093E0040BF37 /* SwiftUIStacksUITestsLaunchTests.swift in Sources */,
			);
			runOnlyForDeploymentPostprocessing = 0;
		};
/* End PBXSourcesBuildPhase section */

/* Begin PBXTargetDependency section */
		D789BC702B4C093E0040BF37 /* PBXTargetDependency */ = {
			isa = PBXTargetDependency;
			target = D789BC5D2B4C093C0040BF37 /* SwiftUIStacks */;
			targetProxy = D789BC6F2B4C093E0040BF37 /* PBXContainerItemProxy */;
		};
		D789BC7A2B4C093E0040BF37 /* PBXTargetDependency */ = {
			isa = PBXTargetDependency;
			target = D789BC5D2B4C093C0040BF37 /* SwiftUIStacks */;
			targetProxy = D789BC792B4C093E0040BF37 /* PBXContainerItemProxy */;
		};
/* End PBXTargetDependency section */

/* Begin XCBuildConfiguration section */
		D789BC802B4C093E0040BF37 /* Debug */ = {
			isa = XCBuildConfiguration;
			buildSettings = {
				ALWAYS_SEARCH_USER_PATHS = NO;
				ASSETCATALOG_COMPILER_GENERATE_SWIFT_ASSET_SYMBOL_EXTENSIONS = YES;
				CLANG_ANALYZER_NONNULL = YES;
				CLANG_ANALYZER_NUMBER_OBJECT_CONVERSION = YES_AGGRESSIVE;
				CLANG_CXX_LANGUAGE_STANDARD = "gnu++20";
				CLANG_ENABLE_MODULES = YES;
				CLANG_ENABLE_OBJC_ARC = YES;
				CLANG_ENABLE_OBJC_WEAK = YES;
				CLANG_WARN_BLOCK_CAPTURE_AUTORELEASING = YES;
				CLANG_WARN_BOOL_CONVERSION = YES;
				CLANG_WARN_COMMA = YES;
				CLANG_WARN_CONSTANT_CONVERSION = YES;
				CLANG_WARN_DEPRECATED_OBJC_IMPLEMENTATIONS = YES;
				CLANG_WARN_DIRECT_OBJC_ISA_USAGE = YES_ERROR;
				CLANG_WARN_DOCUMENTATION_COMMENTS = YES;
				CLANG_WARN_EMPTY_BODY = YES;
				CLANG_WARN_ENUM_CONVERSION = YES;
				CLANG_WARN_INFINITE_RECURSION = YES;
				CLANG_WARN_INT_CONVERSION = YES;
				CLANG_WARN_NON_LITERAL_NULL_CONVERSION = YES;
				CLANG_WARN_OBJC_IMPLICIT_RETAIN_SELF = YES;
				CLANG_WARN_OBJC_LITERAL_CONVERSION = YES;
				CLANG_WARN_OBJC_ROOT_CLASS = YES_ERROR;
				CLANG_WARN_QUOTED_INCLUDE_IN_FRAMEWORK_HEADER = YES;
				CLANG_WARN_RANGE_LOOP_ANALYSIS = YES;
				CLANG_WARN_STRICT_PROTOTYPES = YES;
				CLANG_WARN_SUSPICIOUS_MOVE = YES;
				CLANG_WARN_UNGUARDED_AVAILABILITY = YES_AGGRESSIVE;
				CLANG_WARN_UNREACHABLE_CODE = YES;
				CLANG_WARN__DUPLICATE_METHOD_MATCH = YES;
				COPY_PHASE_STRIP = NO;
				DEBUG_INFORMATION_FORMAT = dwarf;
				ENABLE_STRICT_OBJC_MSGSEND = YES;
				ENABLE_TESTABILITY = YES;
				ENABLE_USER_SCRIPT_SANDBOXING = YES;
				GCC_C_LANGUAGE_STANDARD = gnu17;
				GCC_DYNAMIC_NO_PIC = NO;
				GCC_NO_COMMON_BLOCKS = YES;
				GCC_OPTIMIZATION_LEVEL = 0;
				GCC_PREPROCESSOR_DEFINITIONS = (
					"DEBUG=1",
					"$(inherited)",
				);
				GCC_WARN_64_TO_32_BIT_CONVERSION = YES;
				GCC_WARN_ABOUT_RETURN_TYPE = YES_ERROR;
				GCC_WARN_UNDECLARED_SELECTOR = YES;
				GCC_WARN_UNINITIALIZED_AUTOS = YES_AGGRESSIVE;
				GCC_WARN_UNUSED_FUNCTION = YES;
				GCC_WARN_UNUSED_VARIABLE = YES;
				IPHONEOS_DEPLOYMENT_TARGET = 17.2;
				LOCALIZATION_PREFERS_STRING_CATALOGS = YES;
				MTL_ENABLE_DEBUG_INFO = INCLUDE_SOURCE;
				MTL_FAST_MATH = YES;
				ONLY_ACTIVE_ARCH = YES;
				SDKROOT = iphoneos;
				SWIFT_ACTIVE_COMPILATION_CONDITIONS = "DEBUG $(inherited)";
				SWIFT_OPTIMIZATION_LEVEL = "-Onone";
			};
			name = Debug;
		};
		D789BC812B4C093E0040BF37 /* Release */ = {
			isa = XCBuildConfiguration;
			buildSettings = {
				ALWAYS_SEARCH_USER_PATHS = NO;
				ASSETCATALOG_COMPILER_GENERATE_SWIFT_ASSET_SYMBOL_EXTENSIONS = YES;
				CLANG_ANALYZER_NONNULL = YES;
				CLANG_ANALYZER_NUMBER_OBJECT_CONVERSION = YES_AGGRESSIVE;
				CLANG_CXX_LANGUAGE_STANDARD = "gnu++20";
				CLANG_ENABLE_MODULES = YES;
				CLANG_ENABLE_OBJC_ARC = YES;
				CLANG_ENABLE_OBJC_WEAK = YES;
				CLANG_WARN_BLOCK_CAPTURE_AUTORELEASING = YES;
				CLANG_WARN_BOOL_CONVERSION = YES;
				CLANG_WARN_COMMA = YES;
				CLANG_WARN_CONSTANT_CONVERSION = YES;
				CLANG_WARN_DEPRECATED_OBJC_IMPLEMENTATIONS = YES;
				CLANG_WARN_DIRECT_OBJC_ISA_USAGE = YES_ERROR;
				CLANG_WARN_DOCUMENTATION_COMMENTS = YES;
				CLANG_WARN_EMPTY_BODY = YES;
				CLANG_WARN_ENUM_CONVERSION = YES;
				CLANG_WARN_INFINITE_RECURSION = YES;
				CLANG_WARN_INT_CONVERSION = YES;
				CLANG_WARN_NON_LITERAL_NULL_CONVERSION = YES;
				CLANG_WARN_OBJC_IMPLICIT_RETAIN_SELF = YES;
				CLANG_WARN_OBJC_LITERAL_CONVERSION = YES;
				CLANG_WARN_OBJC_ROOT_CLASS = YES_ERROR;
				CLANG_WARN_QUOTED_INCLUDE_IN_FRAMEWORK_HEADER = YES;
				CLANG_WARN_RANGE_LOOP_ANALYSIS = YES;
				CLANG_WARN_STRICT_PROTOTYPES = YES;
				CLANG_WARN_SUSPICIOUS_MOVE = YES;
				CLANG_WARN_UNGUARDED_AVAILABILITY = YES_AGGRESSIVE;
				CLANG_WARN_UNREACHABLE_CODE = YES;
				CLANG_WARN__DUPLICATE_METHOD_MATCH = YES;
				COPY_PHASE_STRIP = NO;
				DEBUG_INFORMATION_FORMAT = "dwarf-with-dsym";
				ENABLE_NS_ASSERTIONS = NO;
				ENABLE_STRICT_OBJC_MSGSEND = YES;
				ENABLE_USER_SCRIPT_SANDBOXING = YES;
				GCC_C_LANGUAGE_STANDARD = gnu17;
				GCC_NO_COMMON_BLOCKS = YES;
				GCC_WARN_64_TO_32_BIT_CONVERSION = YES;
				GCC_WARN_ABOUT_RETURN_TYPE = YES_ERROR;
				GCC_WARN_UNDECLARED_SELECTOR = YES;
				GCC_WARN_UNINITIALIZED_AUTOS = YES_AGGRESSIVE;
				GCC_WARN_UNUSED_FUNCTION = YES;
				GCC_WARN_UNUSED_VARIABLE = YES;
				IPHONEOS_DEPLOYMENT_TARGET = 17.2;
				LOCALIZATION_PREFERS_STRING_CATALOGS = YES;
				MTL_ENABLE_DEBUG_INFO = NO;
				MTL_FAST_MATH = YES;
				SDKROOT = iphoneos;
				SWIFT_COMPILATION_MODE = wholemodule;
				VALIDATE_PRODUCT = YES;
			};
			name = Release;
		};
		D789BC832B4C093E0040BF37 /* Debug */ = {
			isa = XCBuildConfiguration;
			buildSettings = {
				ASSETCATALOG_COMPILER_APPICON_NAME = AppIcon;
				ASSETCATALOG_COMPILER_GLOBAL_ACCENT_COLOR_NAME = AccentColor;
				CODE_SIGN_STYLE = Automatic;
				CURRENT_PROJECT_VERSION = 1;
				DEVELOPMENT_ASSET_PATHS = "\"SwiftUIStacks/Preview Content\"";
				DEVELOPMENT_TEAM = W595DU2C8B;
				ENABLE_PREVIEWS = YES;
				GENERATE_INFOPLIST_FILE = YES;
				INFOPLIST_KEY_UIApplicationSceneManifest_Generation = YES;
				INFOPLIST_KEY_UIApplicationSupportsIndirectInputEvents = YES;
				INFOPLIST_KEY_UILaunchScreen_Generation = YES;
				INFOPLIST_KEY_UISupportedInterfaceOrientations_iPad = "UIInterfaceOrientationPortrait UIInterfaceOrientationPortraitUpsideDown UIInterfaceOrientationLandscapeLeft UIInterfaceOrientationLandscapeRight";
				INFOPLIST_KEY_UISupportedInterfaceOrientations_iPhone = "UIInterfaceOrientationPortrait UIInterfaceOrientationLandscapeLeft UIInterfaceOrientationLandscapeRight";
				LD_RUNPATH_SEARCH_PATHS = (
					"$(inherited)",
					"@executable_path/Frameworks",
				);
				MARKETING_VERSION = 1.0;
				PRODUCT_BUNDLE_IDENTIFIER = com.wz.SwiftUIStacks;
				PRODUCT_NAME = "$(TARGET_NAME)";
				SWIFT_EMIT_LOC_STRINGS = YES;
				SWIFT_VERSION = 5.0;
				TARGETED_DEVICE_FAMILY = "1,2";
			};
			name = Debug;
		};
		D789BC842B4C093E0040BF37 /* Release */ = {
			isa = XCBuildConfiguration;
			buildSettings = {
				ASSETCATALOG_COMPILER_APPICON_NAME = AppIcon;
				ASSETCATALOG_COMPILER_GLOBAL_ACCENT_COLOR_NAME = AccentColor;
				CODE_SIGN_STYLE = Automatic;
				CURRENT_PROJECT_VERSION = 1;
				DEVELOPMENT_ASSET_PATHS = "\"SwiftUIStacks/Preview Content\"";
				DEVELOPMENT_TEAM = W595DU2C8B;
				ENABLE_PREVIEWS = YES;
				GENERATE_INFOPLIST_FILE = YES;
				INFOPLIST_KEY_UIApplicationSceneManifest_Generation = YES;
				INFOPLIST_KEY_UIApplicationSupportsIndirectInputEvents = YES;
				INFOPLIST_KEY_UILaunchScreen_Generation = YES;
				INFOPLIST_KEY_UISupportedInterfaceOrientations_iPad = "UIInterfaceOrientationPortrait UIInterfaceOrientationPortraitUpsideDown UIInterfaceOrientationLandscapeLeft UIInterfaceOrientationLandscapeRight";
				INFOPLIST_KEY_UISupportedInterfaceOrientations_iPhone = "UIInterfaceOrientationPortrait UIInterfaceOrientationLandscapeLeft UIInterfaceOrientationLandscapeRight";
				LD_RUNPATH_SEARCH_PATHS = (
					"$(inherited)",
					"@executable_path/Frameworks",
				);
				MARKETING_VERSION = 1.0;
				PRODUCT_BUNDLE_IDENTIFIER = com.wz.SwiftUIStacks;
				PRODUCT_NAME = "$(TARGET_NAME)";
				SWIFT_EMIT_LOC_STRINGS = YES;
				SWIFT_VERSION = 5.0;
				TARGETED_DEVICE_FAMILY = "1,2";
			};
			name = Release;
		};
		D789BC862B4C093E0040BF37 /* Debug */ = {
			isa = XCBuildConfiguration;
			buildSettings = {
				ALWAYS_EMBED_SWIFT_STANDARD_LIBRARIES = YES;
				BUNDLE_LOADER = "$(TEST_HOST)";
				CODE_SIGN_STYLE = Automatic;
				CURRENT_PROJECT_VERSION = 1;
				DEVELOPMENT_TEAM = W595DU2C8B;
				GENERATE_INFOPLIST_FILE = YES;
				IPHONEOS_DEPLOYMENT_TARGET = 17.2;
				MARKETING_VERSION = 1.0;
				PRODUCT_BUNDLE_IDENTIFIER = com.wz.SwiftUIStacksTests;
				PRODUCT_NAME = "$(TARGET_NAME)";
				SWIFT_EMIT_LOC_STRINGS = NO;
				SWIFT_VERSION = 5.0;
				TARGETED_DEVICE_FAMILY = "1,2";
				TEST_HOST = "$(BUILT_PRODUCTS_DIR)/SwiftUIStacks.app/$(BUNDLE_EXECUTABLE_FOLDER_PATH)/SwiftUIStacks";
			};
			name = Debug;
		};
		D789BC872B4C093E0040BF37 /* Release */ = {
			isa = XCBuildConfiguration;
			buildSettings = {
				ALWAYS_EMBED_SWIFT_STANDARD_LIBRARIES = YES;
				BUNDLE_LOADER = "$(TEST_HOST)";
				CODE_SIGN_STYLE = Automatic;
				CURRENT_PROJECT_VERSION = 1;
				DEVELOPMENT_TEAM = W595DU2C8B;
				GENERATE_INFOPLIST_FILE = YES;
				IPHONEOS_DEPLOYMENT_TARGET = 17.2;
				MARKETING_VERSION = 1.0;
				PRODUCT_BUNDLE_IDENTIFIER = com.wz.SwiftUIStacksTests;
				PRODUCT_NAME = "$(TARGET_NAME)";
				SWIFT_EMIT_LOC_STRINGS = NO;
				SWIFT_VERSION = 5.0;
				TARGETED_DEVICE_FAMILY = "1,2";
				TEST_HOST = "$(BUILT_PRODUCTS_DIR)/SwiftUIStacks.app/$(BUNDLE_EXECUTABLE_FOLDER_PATH)/SwiftUIStacks";
			};
			name = Release;
		};
		D789BC892B4C093E0040BF37 /* Debug */ = {
			isa = XCBuildConfiguration;
			buildSettings = {
				ALWAYS_EMBED_SWIFT_STANDARD_LIBRARIES = YES;
				CODE_SIGN_STYLE = Automatic;
				CURRENT_PROJECT_VERSION = 1;
				DEVELOPMENT_TEAM = W595DU2C8B;
				GENERATE_INFOPLIST_FILE = YES;
				MARKETING_VERSION = 1.0;
				PRODUCT_BUNDLE_IDENTIFIER = com.wz.SwiftUIStacksUITests;
				PRODUCT_NAME = "$(TARGET_NAME)";
				SWIFT_EMIT_LOC_STRINGS = NO;
				SWIFT_VERSION = 5.0;
				TARGETED_DEVICE_FAMILY = "1,2";
				TEST_TARGET_NAME = SwiftUIStacks;
			};
			name = Debug;
		};
		D789BC8A2B4C093E0040BF37 /* Release */ = {
			isa = XCBuildConfiguration;
			buildSettings = {
				ALWAYS_EMBED_SWIFT_STANDARD_LIBRARIES = YES;
				CODE_SIGN_STYLE = Automatic;
				CURRENT_PROJECT_VERSION = 1;
				DEVELOPMENT_TEAM = W595DU2C8B;
				GENERATE_INFOPLIST_FILE = YES;
				MARKETING_VERSION = 1.0;
				PRODUCT_BUNDLE_IDENTIFIER = com.wz.SwiftUIStacksUITests;
				PRODUCT_NAME = "$(TARGET_NAME)";
				SWIFT_EMIT_LOC_STRINGS = NO;
				SWIFT_VERSION = 5.0;
				TARGETED_DEVICE_FAMILY = "1,2";
				TEST_TARGET_NAME = SwiftUIStacks;
			};
			name = Release;
		};
/* End XCBuildConfiguration section */

/* Begin XCConfigurationList section */
		D789BC592B4C093C0040BF37 /* Build configuration list for PBXProject "SwiftUIStacks" */ = {
			isa = XCConfigurationList;
			buildConfigurations = (
				D789BC802B4C093E0040BF37 /* Debug */,
				D789BC812B4C093E0040BF37 /* Release */,
			);
			defaultConfigurationIsVisible = 0;
			defaultConfigurationName = Release;
		};
		D789BC822B4C093E0040BF37 /* Build configuration list for PBXNativeTarget "SwiftUIStacks" */ = {
			isa = XCConfigurationList;
			buildConfigurations = (
				D789BC832B4C093E0040BF37 /* Debug */,
				D789BC842B4C093E0040BF37 /* Release */,
			);
			defaultConfigurationIsVisible = 0;
			defaultConfigurationName = Release;
		};
		D789BC852B4C093E0040BF37 /* Build configuration list for PBXNativeTarget "SwiftUIStacksTests" */ = {
			isa = XCConfigurationList;
			buildConfigurations = (
				D789BC862B4C093E0040BF37 /* Debug */,
				D789BC872B4C093E0040BF37 /* Release */,
			);
			defaultConfigurationIsVisible = 0;
			defaultConfigurationName = Release;
		};
		D789BC882B4C093E0040BF37 /* Build configuration list for PBXNativeTarget "SwiftUIStacksUITests" */ = {
			isa = XCConfigurationList;
			buildConfigurations = (
				D789BC892B4C093E0040BF37 /* Debug */,
				D789BC8A2B4C093E0040BF37 /* Release */,
			);
			defaultConfigurationIsVisible = 0;
			defaultConfigurationName = Release;
		};
/* End XCConfigurationList section */
	};
	rootObject = D789BC562B4C093C0040BF37 /* Project object */;
}
